
Microsoft Visual Studio Solution File, Format Version 12.00
# Visual Studio Version 16
VisualStudioVersion = 16.0.28803.352
MinimumVisualStudioVersion = 10.0.40219.1
Project("{9A19103F-16F7-4668-BE54-9A1E7A4F7556}") = "Spice", "Spice\Spice.csproj", "{A1CD3CB9-153D-47A0-A139-739746A5ACE1}"
EndProject
Global
	GlobalSection(SolutionConfigurationPlatforms) = preSolution
		Debug|Any CPU = Debug|Any CPU
		Release|Any CPU = Release|Any CPU
	EndGlobalSection
	GlobalSection(ProjectConfigurationPlatforms) = postSolution
		{A1CD3CB9-153D-47A0-A139-739746A5ACE1}.Debug|Any CPU.ActiveCfg = Debug|Any CPU
		{A1CD3CB9-153D-47A0-A139-739746A5ACE1}.Debug|Any CPU.Build.0 = Debug|Any CPU
		{A1CD3CB9-153D-47A0-A139-739746A5ACE1}.Release|Any CPU.ActiveCfg = Release|Any CPU
		{A1CD3CB9-153D-47A0-A139-739746A5ACE1}.Release|Any CPU.Build.0 = Release|Any CPU
	EndGlobalSection
	GlobalSection(SolutionProperties) = preSolution
		HideSolutionNode = FALSE
	EndGlobalSection
	GlobalSection(ExtensibilityGlobals) = postSolution
		SolutionGuid = {12B4134C-9FD9-4B59-BD75-88C41E4B7DBC}
	EndGlobalSection
EndGlobal
